
Microsoft Visual Studio Solution File, Format Version 12.00
# Visual Studio Version 17
VisualStudioVersion = 17.1.32421.90
MinimumVisualStudioVersion = 10.0.40219.1
Project("{9A19103F-16F7-4668-BE54-9A1E7A4F7556}") = "Spotify2YT", "Spotify2YT.csproj", "{4272181C-DE00-4F82-85C6-0FD427BFE4E0}"
EndProject
Global
	GlobalSection(SolutionConfigurationPlatforms) = preSolution
		Debug|Any CPU = Debug|Any CPU
		Release|Any CPU = Release|Any CPU
	EndGlobalSection
	GlobalSection(ProjectConfigurationPlatforms) = postSolution
		{4272181C-DE00-4F82-85C6-0FD427BFE4E0}.Debug|Any CPU.ActiveCfg = Debug|Any CPU
		{4272181C-DE00-4F82-85C6-0FD427BFE4E0}.Debug|Any CPU.Build.0 = Debug|Any CPU
		{4272181C-DE00-4F82-85C6-0FD427BFE4E0}.Release|Any CPU.ActiveCfg = Release|Any CPU
		{4272181C-DE00-4F82-85C6-0FD427BFE4E0}.Release|Any CPU.Build.0 = Release|Any CPU
	EndGlobalSection
	GlobalSection(SolutionProperties) = preSolution
		HideSolutionNode = FALSE
	EndGlobalSection
	GlobalSection(ExtensibilityGlobals) = postSolution
		SolutionGuid = {143039DC-ED86-4A2F-9BB6-5F1C9C709C6B}
	EndGlobalSection
EndGlobal
